
Microsoft Visual Studio Solution File, Format Version 12.00
# Visual Studio Version 16
VisualStudioVersion = 16.0.31729.503
MinimumVisualStudioVersion = 10.0.40219.1
Project("{FAE04EC0-301F-11D3-BF4B-00C04F79EFBC}") = "FirstWPFApp", "FirstWPFApp\FirstWPFApp.csproj", "{9C1E36CA-C9A2-4B21-A64C-6F0C46CB2330}"
EndProject
Global
	GlobalSection(SolutionConfigurationPlatforms) = preSolution
		Debug|Any CPU = Debug|Any CPU
		Release|Any CPU = Release|Any CPU
	EndGlobalSection
	GlobalSection(ProjectConfigurationPlatforms) = postSolution
		{9C1E36CA-C9A2-4B21-A64C-6F0C46CB2330}.Debug|Any CPU.ActiveCfg = Debug|Any CPU
		{9C1E36CA-C9A2-4B21-A64C-6F0C46CB2330}.Debug|Any CPU.Build.0 = Debug|Any CPU
		{9C1E36CA-C9A2-4B21-A64C-6F0C46CB2330}.Release|Any CPU.ActiveCfg = Release|Any CPU
		{9C1E36CA-C9A2-4B21-A64C-6F0C46CB2330}.Release|Any CPU.Build.0 = Release|Any CPU
	EndGlobalSection
	GlobalSection(SolutionProperties) = preSolution
		HideSolutionNode = FALSE
	EndGlobalSection
	GlobalSection(ExtensibilityGlobals) = postSolution
		SolutionGuid = {3B9CD7FD-5E69-4B10-8046-B59F643E2D40}
	EndGlobalSection
EndGlobal
